#MicroXplorer Configuration settings - do not modify
Mcu.Family=STM32F4
SH.GPXTI10.0=GPIO_EXTI10
RCC.PLLSourceVirtual=RCC_PLLSOURCE_HSE
TIM10.Prescaler=9999
ProjectManager.MainLocation=Src
VP_TIM5_VS_ClockSourceINT.Mode=Internal
VP_TIM10_VS_ClockSourceINT.Signal=TIM10_VS_ClockSourceINT
PD12.GPIO_Label=BUTTON_WINDOW
ProjectManager.ProjectFileName=10s_TIMER_TEST.ioc
RCC.CortexFreq_Value=100000000
TIM5.IPParameters=Prescaler,Period
ProjectManager.KeepUserCode=true
Mcu.UserName=STM32F411VETx
Mcu.PinsNb=11
ProjectManager.NoMain=false
VP_TIM5_VS_ClockSourceINT.Signal=TIM5_VS_ClockSourceINT
TIM1.IPParameters=Prescaler,Period,AutoReloadPreload
RCC.PLLCLKFreq_Value=100000000
RCC.PLLQCLKFreq_Value=50000000
ProjectManager.functionlistsort=1-MX_GPIO_Init-GPIO-false-HAL-true,2-SystemClock_Config-RCC-false-HAL-false,3-MX_I2C1_Init-I2C1-false-HAL-true,4-MX_TIM10_Init-TIM10-false-HAL-true,5-MX_TIM1_Init-TIM1-false-HAL-true
PH1\ -\ OSC_OUT.Mode=HSE-External-Oscillator
RCC.RTCFreq_Value=32000
ProjectManager.DefaultFWLocation=true
PD10.GPIO_PuPd=GPIO_PULLUP
ProjectManager.DeletePrevious=true
RCC.APB1CLKDivider=RCC_HCLK_DIV2
PinOutPanel.RotationAngle=0
RCC.FamilyName=M
RCC.SYSCLKSource=RCC_SYSCLKSOURCE_PLLCLK
ProjectManager.StackSize=0x400
PD12.Locked=true
PD10.Signal=GPXTI10
Mcu.IP4=TIM1
TIM1.AutoReloadPreload=TIM_AUTORELOAD_PRELOAD_DISABLE
RCC.FCLKCortexFreq_Value=100000000
Mcu.IP5=TIM5
PD11.GPIO_PuPd=GPIO_PULLUP
NVIC.SVCall_IRQn=true\:0\:0\:false\:false\:true\:false\:false
Mcu.IP2=RCC
Mcu.IP3=SYS
Mcu.IP0=I2C1
Mcu.IP1=NVIC
PH0\ -\ OSC_IN.Mode=HSE-External-Oscillator
TIM1.Prescaler=9999
Mcu.UserConstants=
PH0\ -\ OSC_IN.Signal=RCC_OSC_IN
PD12.GPIOParameters=GPIO_PuPd,GPIO_Label,GPIO_ModeDefaultEXTI
ProjectManager.TargetToolchain=SW4STM32
NVIC.TIM5_IRQn=true\:0\:0\:false\:false\:true\:true\:true
Mcu.ThirdPartyNb=0
PD11.GPIO_Label=BUTTON_DOOR
PB7.GPIOParameters=GPIO_PuPdOD
RCC.HCLKFreq_Value=100000000
Mcu.IPNb=7
RCC.I2SClocksFreq_Value=150000000
ProjectManager.PreviousToolchain=SW4STM32
RCC.APB2TimFreq_Value=100000000
PB6.Signal=I2C1_SCL
VP_TIM1_VS_ClockSourceINT.Signal=TIM1_VS_ClockSourceINT
VP_TIM10_VS_ClockSourceINT.Mode=Enable_Timer
RCC.VcooutputI2S=150000000
SH.GPXTI12.ConfNb=1
PB6.Mode=I2C
RCC.VCOInputMFreq_Value=1562500
Mcu.Pin6=PB7
Mcu.Pin7=VP_SYS_VS_Systick
Mcu.Pin8=VP_TIM1_VS_ClockSourceINT
Mcu.Pin9=VP_TIM5_VS_ClockSourceINT
PD10.GPIO_ModeDefaultEXTI=GPIO_MODE_IT_RISING
PD10.GPIO_Label=BUTTON_ENTER
RCC.LSE_VALUE=32768
RCC.AHBFreq_Value=100000000
Mcu.Pin0=PH0 - OSC_IN
Mcu.Pin1=PH1 - OSC_OUT
GPIO.groupedBy=Group By Peripherals
Mcu.Pin2=PD10
Mcu.Pin3=PD11
PD10.GPIOParameters=GPIO_PuPd,GPIO_Label,GPIO_ModeDefaultEXTI
Mcu.Pin4=PD12
NVIC.EXTI15_10_IRQn=true\:0\:0\:false\:false\:true\:true\:true
RCC.VCOI2SOutputFreq_Value=300000000
Mcu.Pin5=PB6
ProjectManager.ProjectBuild=false
RCC.HSE_VALUE=25000000
NVIC.UsageFault_IRQn=true\:0\:0\:false\:false\:true\:false\:false
NVIC.DebugMonitor_IRQn=true\:0\:0\:false\:false\:true\:false\:false
PH1\ -\ OSC_OUT.Signal=RCC_OSC_OUT
board=custom
RCC.VCOOutputFreq_Value=200000000
NVIC.SysTick_IRQn=true\:0\:0\:false\:false\:true\:false\:true
ProjectManager.LastFirmware=true
SH.GPXTI12.0=GPIO_EXTI12
PD11.GPIOParameters=GPIO_PuPd,GPIO_Label,GPIO_ModeDefaultEXTI
PD12.GPIO_ModeDefaultEXTI=GPIO_MODE_IT_RISING
TIM10.Period=50000
ProjectManager.FirmwarePackage=STM32Cube FW_F4 V1.25.0
MxDb.Version=DB.5.0.60
RCC.APB2Freq_Value=100000000
ProjectManager.BackupPrevious=false
MxCube.Version=5.6.1
RCC.VCOInputFreq_Value=2083333.3333333333
File.Version=6
VP_SYS_VS_Systick.Mode=SysTick
RCC.EthernetFreq_Value=100000000
PB7.Signal=I2C1_SDA
NVIC.NonMaskableInt_IRQn=true\:0\:0\:false\:false\:true\:false\:false
SH.GPXTI11.ConfNb=1
NVIC.PendSV_IRQn=true\:0\:0\:false\:false\:true\:false\:false
PB7.GPIO_PuPdOD=GPIO_NOPULL
ProjectManager.FreePins=false
RCC.IPParameters=48MHZClocksFreq_Value,AHBFreq_Value,APB1CLKDivider,APB1Freq_Value,APB1TimFreq_Value,APB2Freq_Value,APB2TimFreq_Value,CortexFreq_Value,EthernetFreq_Value,FCLKCortexFreq_Value,FamilyName,HCLKFreq_Value,HSE_VALUE,HSI_VALUE,I2SClocksFreq_Value,LSE_VALUE,LSI_VALUE,MCO2PinFreq_Value,PLLCLKFreq_Value,PLLM,PLLN,PLLQCLKFreq_Value,PLLSourceVirtual,RTCFreq_Value,RTCHSEDivFreq_Value,SYSCLKFreq_VALUE,SYSCLKSource,VCOI2SOutputFreq_Value,VCOInputFreq_Value,VCOInputMFreq_Value,VCOOutputFreq_Value,VcooutputI2S
ProjectManager.AskForMigrate=true
Mcu.Name=STM32F411V(C-E)Tx
PB6.GPIO_PuPdOD=GPIO_NOPULL
PB6.GPIOParameters=GPIO_PuPdOD
ProjectManager.HalAssertFull=false
VP_TIM1_VS_ClockSourceINT.Mode=Internal
PD11.GPIO_ModeDefaultEXTI=GPIO_MODE_IT_RISING
RCC.RTCHSEDivFreq_Value=12500000
ProjectManager.ProjectName=10s_TIMER_TEST
ProjectManager.UnderRoot=true
Mcu.IP6=TIM10
ProjectManager.CoupleFile=true
RCC.48MHZClocksFreq_Value=50000000
RCC.MCO2PinFreq_Value=100000000
RCC.SYSCLKFreq_VALUE=100000000
Mcu.Package=LQFP100
PD10.Locked=true
SH.GPXTI11.0=GPIO_EXTI11
PD11.Locked=true
NVIC.ForceEnableDMAVector=true
KeepUserPlacement=false
TIM5.Prescaler=9999
PD11.Signal=GPXTI11
PD12.Signal=GPXTI12
NVIC.MemoryManagement_IRQn=true\:0\:0\:false\:false\:true\:false\:false
ProjectManager.CompilerOptimize=6
ProjectManager.ToolChainLocation=
RCC.LSI_VALUE=32000
VP_SYS_VS_Systick.Signal=SYS_VS_Systick
PB7.Mode=I2C
ProjectManager.HeapSize=0x200
NVIC.HardFault_IRQn=true\:0\:0\:false\:false\:true\:false\:false
NVIC.TIM1_UP_TIM10_IRQn=true\:0\:0\:false\:false\:true\:true\:true
ProjectManager.ComputerToolchain=false
RCC.HSI_VALUE=16000000
NVIC.PriorityGroup=NVIC_PRIORITYGROUP_4
RCC.PLLM=12
RCC.PLLN=96
Mcu.Pin10=VP_TIM10_VS_ClockSourceINT
SH.GPXTI10.ConfNb=1
RCC.APB1TimFreq_Value=100000000
NVIC.BusFault_IRQn=true\:0\:0\:false\:false\:true\:false\:false
TIM5.Period=49999
TIM1.Period=300
RCC.APB1Freq_Value=50000000
TIM10.IPParameters=Prescaler,Period
ProjectManager.CustomerFirmwarePackage=
ProjectManager.DeviceId=STM32F411VETx
ProjectManager.LibraryCopy=1
PD12.GPIO_PuPd=GPIO_PULLUP
